
Microsoft Visual Studio Solution File, Format Version 12.00
# Visual Studio Version 16
VisualStudioVersion = 16.0.31729.503
MinimumVisualStudioVersion = 10.0.40219.1
Project("{FAE04EC0-301F-11D3-BF4B-00C04F79EFBC}") = "SudokuSolver", "SudokuSolver\SudokuSolver.csproj", "{2AD567B0-3F51-44A7-B34D-ECB83AE3D74B}"
EndProject
Project("{FAE04EC0-301F-11D3-BF4B-00C04F79EFBC}") = "SudokuSolverTests", "SudokuSolverTest\SudokuSolverTests.csproj", "{A203A50D-6EC1-4265-BBC9-A155696EB43D}"
EndProject
Project("{FAE04EC0-301F-11D3-BF4B-00C04F79EFBC}") = "SudokuSolver.Api", "SudokuSolver.Api\SudokuSolver.Api.csproj", "{E4D9DE00-A73A-4081-A856-C476580CA019}"
EndProject
Global
	GlobalSection(SolutionConfigurationPlatforms) = preSolution
		Debug|Any CPU = Debug|Any CPU
		Release|Any CPU = Release|Any CPU
	EndGlobalSection
	GlobalSection(ProjectConfigurationPlatforms) = postSolution
		{2AD567B0-3F51-44A7-B34D-ECB83AE3D74B}.Debug|Any CPU.ActiveCfg = Debug|Any CPU
		{2AD567B0-3F51-44A7-B34D-ECB83AE3D74B}.Debug|Any CPU.Build.0 = Debug|Any CPU
		{2AD567B0-3F51-44A7-B34D-ECB83AE3D74B}.Release|Any CPU.ActiveCfg = Release|Any CPU
		{2AD567B0-3F51-44A7-B34D-ECB83AE3D74B}.Release|Any CPU.Build.0 = Release|Any CPU
		{A203A50D-6EC1-4265-BBC9-A155696EB43D}.Debug|Any CPU.ActiveCfg = Debug|Any CPU
		{A203A50D-6EC1-4265-BBC9-A155696EB43D}.Debug|Any CPU.Build.0 = Debug|Any CPU
		{A203A50D-6EC1-4265-BBC9-A155696EB43D}.Release|Any CPU.ActiveCfg = Release|Any CPU
		{A203A50D-6EC1-4265-BBC9-A155696EB43D}.Release|Any CPU.Build.0 = Release|Any CPU
		{E4D9DE00-A73A-4081-A856-C476580CA019}.Debug|Any CPU.ActiveCfg = Debug|Any CPU
		{E4D9DE00-A73A-4081-A856-C476580CA019}.Debug|Any CPU.Build.0 = Debug|Any CPU
		{E4D9DE00-A73A-4081-A856-C476580CA019}.Release|Any CPU.ActiveCfg = Release|Any CPU
		{E4D9DE00-A73A-4081-A856-C476580CA019}.Release|Any CPU.Build.0 = Release|Any CPU
	EndGlobalSection
	GlobalSection(SolutionProperties) = preSolution
		HideSolutionNode = FALSE
	EndGlobalSection
	GlobalSection(ExtensibilityGlobals) = postSolution
		SolutionGuid = {763D2011-FF29-486B-A801-C7B5465A7930}
	EndGlobalSection
EndGlobal
